// !$*UTF8*$!
{
	archiveVersion = 1;
	classes = {
	};
	objectVersion = 51;
	objects = {

/* Begin PBXBuildFile section */
		0B1A603622ED46D7001D6F34 /* MessengerInfoView.swift in Sources */ = {isa = PBXBuildFile; fileRef = 0B1A603522ED46D7001D6F34 /* MessengerInfoView.swift */; };
		0B1A603822ED46FB001D6F34 /* MessengerInfoView.xib in Resources */ = {isa = PBXBuildFile; fileRef = 0B1A603722ED46FB001D6F34 /* MessengerInfoView.xib */; };
		0B1A603B22ED4C5D001D6F34 /* MessageViewController.swift in Sources */ = {isa = PBXBuildFile; fileRef = 0B1A603A22ED4C5D001D6F34 /* MessageViewController.swift */; };
		0B2317C122EAAD4D0077C217 /* EditProfileViewController.swift in Sources */ = {isa = PBXBuildFile; fileRef = 0B2317C022EAAD4D0077C217 /* EditProfileViewController.swift */; };
		0B2317C322EAB5DA0077C217 /* ProfileTableViewController.swift in Sources */ = {isa = PBXBuildFile; fileRef = 0B2317C222EAB5DA0077C217 /* ProfileTableViewController.swift */; };
		0B2861D422E60447000E9A18 /* Comment.swift in Sources */ = {isa = PBXBuildFile; fileRef = 0B2861D322E60447000E9A18 /* Comment.swift */; };
		0B2861D722E60A9F000E9A18 /* CacheUser.swift in Sources */ = {isa = PBXBuildFile; fileRef = 0B2861D622E60A9F000E9A18 /* CacheUser.swift */; };
		0B2861D922E60F5B000E9A18 /* CommentViewController.swift in Sources */ = {isa = PBXBuildFile; fileRef = 0B2861D822E60F5B000E9A18 /* CommentViewController.swift */; };
		0B2861DC22E61329000E9A18 /* CommentCell.swift in Sources */ = {isa = PBXBuildFile; fileRef = 0B2861DB22E61329000E9A18 /* CommentCell.swift */; };
		0B2861DE22E69853000E9A18 /* Utilites.swift in Sources */ = {isa = PBXBuildFile; fileRef = 0B2861DD22E69853000E9A18 /* Utilites.swift */; };
		0B4CD9D022E306A9008F18F4 /* PostViewCell.swift in Sources */ = {isa = PBXBuildFile; fileRef = 0B4CD9CF22E306A9008F18F4 /* PostViewCell.swift */; };
		0B4CD9D222E31626008F18F4 /* User.swift in Sources */ = {isa = PBXBuildFile; fileRef = 0B4CD9D122E31626008F18F4 /* User.swift */; };
		0B6C8FBE22E2CDD80051B366 /* Post.swift in Sources */ = {isa = PBXBuildFile; fileRef = 0B6C8FB122E2CDD60051B366 /* Post.swift */; };
		0B6C8FBF22E2CDD80051B366 /* Main.storyboard in Resources */ = {isa = PBXBuildFile; fileRef = 0B6C8FB322E2CDD70051B366 /* Main.storyboard */; };
		0B6C8FC022E2CDD80051B366 /* ViewController.swift in Sources */ = {isa = PBXBuildFile; fileRef = 0B6C8FB622E2CDD80051B366 /* ViewController.swift */; };
		0B6C8FC122E2CDD80051B366 /* UploadPhotoViewController.swift in Sources */ = {isa = PBXBuildFile; fileRef = 0B6C8FB722E2CDD80051B366 /* UploadPhotoViewController.swift */; };
		0B6C8FC222E2CDD80051B366 /* ChoosePhotoViewController.swift in Sources */ = {isa = PBXBuildFile; fileRef = 0B6C8FB822E2CDD80051B366 /* ChoosePhotoViewController.swift */; };
		0B6C8FC322E2CDD80051B366 /* SlideImageCell.swift in Sources */ = {isa = PBXBuildFile; fileRef = 0B6C8FBA22E2CDD80051B366 /* SlideImageCell.swift */; };
		0B6C8FC422E2CDD80051B366 /* LoginViewController.swift in Sources */ = {isa = PBXBuildFile; fileRef = 0B6C8FBB22E2CDD80051B366 /* LoginViewController.swift */; };
		0B6C8FC522E2CDD80051B366 /* UserViewController.swift in Sources */ = {isa = PBXBuildFile; fileRef = 0B6C8FBC22E2CDD80051B366 /* UserViewController.swift */; };
		0B6C8FC622E2CDD80051B366 /* FeedsViewController.swift in Sources */ = {isa = PBXBuildFile; fileRef = 0B6C8FBD22E2CDD80051B366 /* FeedsViewController.swift */; };
		0B7D0D4422EF496F00E88B89 /* RecievedMessageViewCell.swift in Sources */ = {isa = PBXBuildFile; fileRef = 0B7D0D4322EF496F00E88B89 /* RecievedMessageViewCell.swift */; };
		0B7D0D4622EF4A6F00E88B89 /* SenderMessageViewCell.swift in Sources */ = {isa = PBXBuildFile; fileRef = 0B7D0D4522EF4A6F00E88B89 /* SenderMessageViewCell.swift */; };
		0B7D0D4822EF4BD000E88B89 /* Message.swift in Sources */ = {isa = PBXBuildFile; fileRef = 0B7D0D4722EF4BD000E88B89 /* Message.swift */; };
		0B81824622E80AF400BEBB63 /* InfoPanelView.xib in Resources */ = {isa = PBXBuildFile; fileRef = 0B81824522E80AF400BEBB63 /* InfoPanelView.xib */; };
		0B81824822E80B0E00BEBB63 /* InfoPanelView.swift in Sources */ = {isa = PBXBuildFile; fileRef = 0B81824722E80B0E00BEBB63 /* InfoPanelView.swift */; };
		0BD29A0F22E2C86F00ECC8D6 /* AppDelegate.swift in Sources */ = {isa = PBXBuildFile; fileRef = 0BD29A0E22E2C86F00ECC8D6 /* AppDelegate.swift */; };
		0BD29A1622E2C87000ECC8D6 /* Assets.xcassets in Resources */ = {isa = PBXBuildFile; fileRef = 0BD29A1522E2C87000ECC8D6 /* Assets.xcassets */; };
		0BD29A1922E2C87000ECC8D6 /* LaunchScreen.storyboard in Resources */ = {isa = PBXBuildFile; fileRef = 0BD29A1722E2C87000ECC8D6 /* LaunchScreen.storyboard */; };
		0BD29A2122E2C8C400ECC8D6 /* GoogleService-Info.plist in Resources */ = {isa = PBXBuildFile; fileRef = 0BD29A2022E2C8C400ECC8D6 /* GoogleService-Info.plist */; };
		0BD7235722E897F100ACAE01 /* PostCollectionViewCell.swift in Sources */ = {isa = PBXBuildFile; fileRef = 0BD7235622E897F100ACAE01 /* PostCollectionViewCell.swift */; };
		0BD79C4722EC4FED0094B708 /* OtherUserViewController.swift in Sources */ = {isa = PBXBuildFile; fileRef = 0BD79C4622EC4FED0094B708 /* OtherUserViewController.swift */; };
		0BE7FCF722EFE77F00A686E7 /* BoxMessage.swift in Sources */ = {isa = PBXBuildFile; fileRef = 0BE7FCF622EFE77F00A686E7 /* BoxMessage.swift */; };
		0BE7FCF922EFF4A300A686E7 /* UserBox.swift in Sources */ = {isa = PBXBuildFile; fileRef = 0BE7FCF822EFF4A300A686E7 /* UserBox.swift */; };
		7E0F7EF8A8A468B4F927EBA5 /* Pods_MyInst.framework in Frameworks */ = {isa = PBXBuildFile; fileRef = E62EDB6BE959DD31AA7ADBC1 /* Pods_MyInst.framework */; };
/* End PBXBuildFile section */

/* Begin PBXFileReference section */
		0B1A603522ED46D7001D6F34 /* MessengerInfoView.swift */ = {isa = PBXFileReference; lastKnownFileType = sourcecode.swift; path = MessengerInfoView.swift; sourceTree = "<group>"; };
		0B1A603722ED46FB001D6F34 /* MessengerInfoView.xib */ = {isa = PBXFileReference; lastKnownFileType = file.xib; path = MessengerInfoView.xib; sourceTree = "<group>"; };
		0B1A603A22ED4C5D001D6F34 /* MessageViewController.swift */ = {isa = PBXFileReference; lastKnownFileType = sourcecode.swift; path = MessageViewController.swift; sourceTree = "<group>"; };
		0B2317C022EAAD4D0077C217 /* EditProfileViewController.swift */ = {isa = PBXFileReference; lastKnownFileType = sourcecode.swift; path = EditProfileViewController.swift; sourceTree = "<group>"; };
		0B2317C222EAB5DA0077C217 /* ProfileTableViewController.swift */ = {isa = PBXFileReference; lastKnownFileType = sourcecode.swift; path = ProfileTableViewController.swift; sourceTree = "<group>"; };
		0B2861D322E60447000E9A18 /* Comment.swift */ = {isa = PBXFileReference; lastKnownFileType = sourcecode.swift; path = Comment.swift; sourceTree = "<group>"; };
		0B2861D622E60A9F000E9A18 /* CacheUser.swift */ = {isa = PBXFileReference; lastKnownFileType = sourcecode.swift; path = CacheUser.swift; sourceTree = "<group>"; };
		0B2861D822E60F5B000E9A18 /* CommentViewController.swift */ = {isa = PBXFileReference; lastKnownFileType = sourcecode.swift; path = CommentViewController.swift; sourceTree = "<group>"; };
		0B2861DB22E61329000E9A18 /* CommentCell.swift */ = {isa = PBXFileReference; lastKnownFileType = sourcecode.swift; path = CommentCell.swift; sourceTree = "<group>"; };
		0B2861DD22E69853000E9A18 /* Utilites.swift */ = {isa = PBXFileReference; lastKnownFileType = sourcecode.swift; path = Utilites.swift; sourceTree = "<group>"; };
		0B4CD9CF22E306A9008F18F4 /* PostViewCell.swift */ = {isa = PBXFileReference; lastKnownFileType = sourcecode.swift; path = PostViewCell.swift; sourceTree = "<group>"; };
		0B4CD9D122E31626008F18F4 /* User.swift */ = {isa = PBXFileReference; lastKnownFileType = sourcecode.swift; path = User.swift; sourceTree = "<group>"; };
		0B6C8FB122E2CDD60051B366 /* Post.swift */ = {isa = PBXFileReference; fileEncoding = 4; lastKnownFileType = sourcecode.swift; path = Post.swift; sourceTree = "<group>"; };
		0B6C8FB422E2CDD70051B366 /* Base */ = {isa = PBXFileReference; lastKnownFileType = file.storyboard; name = Base; path = Base.lproj/Main.storyboard; sourceTree = "<group>"; };
		0B6C8FB622E2CDD80051B366 /* ViewController.swift */ = {isa = PBXFileReference; fileEncoding = 4; lastKnownFileType = sourcecode.swift; path = ViewController.swift; sourceTree = "<group>"; };
		0B6C8FB722E2CDD80051B366 /* UploadPhotoViewController.swift */ = {isa = PBXFileReference; fileEncoding = 4; lastKnownFileType = sourcecode.swift; path = UploadPhotoViewController.swift; sourceTree = "<group>"; };
		0B6C8FB822E2CDD80051B366 /* ChoosePhotoViewController.swift */ = {isa = PBXFileReference; fileEncoding = 4; lastKnownFileType = sourcecode.swift; path = ChoosePhotoViewController.swift; sourceTree = "<group>"; };
		0B6C8FBA22E2CDD80051B366 /* SlideImageCell.swift */ = {isa = PBXFileReference; fileEncoding = 4; lastKnownFileType = sourcecode.swift; path = SlideImageCell.swift; sourceTree = "<group>"; };
		0B6C8FBB22E2CDD80051B366 /* LoginViewController.swift */ = {isa = PBXFileReference; fileEncoding = 4; lastKnownFileType = sourcecode.swift; path = LoginViewController.swift; sourceTree = "<group>"; };
		0B6C8FBC22E2CDD80051B366 /* UserViewController.swift */ = {isa = PBXFileReference; fileEncoding = 4; lastKnownFileType = sourcecode.swift; path = UserViewController.swift; sourceTree = "<group>"; };
		0B6C8FBD22E2CDD80051B366 /* FeedsViewController.swift */ = {isa = PBXFileReference; fileEncoding = 4; lastKnownFileType = sourcecode.swift; path = FeedsViewController.swift; sourceTree = "<group>"; };
		0B7D0D4322EF496F00E88B89 /* RecievedMessageViewCell.swift */ = {isa = PBXFileReference; lastKnownFileType = sourcecode.swift; path = RecievedMessageViewCell.swift; sourceTree = "<group>"; };
		0B7D0D4522EF4A6F00E88B89 /* SenderMessageViewCell.swift */ = {isa = PBXFileReference; lastKnownFileType = sourcecode.swift; path = SenderMessageViewCell.swift; sourceTree = "<group>"; };
		0B7D0D4722EF4BD000E88B89 /* Message.swift */ = {isa = PBXFileReference; lastKnownFileType = sourcecode.swift; path = Message.swift; sourceTree = "<group>"; };
		0B81824522E80AF400BEBB63 /* InfoPanelView.xib */ = {isa = PBXFileReference; lastKnownFileType = file.xib; path = InfoPanelView.xib; sourceTree = "<group>"; };
		0B81824722E80B0E00BEBB63 /* InfoPanelView.swift */ = {isa = PBXFileReference; lastKnownFileType = sourcecode.swift; path = InfoPanelView.swift; sourceTree = "<group>"; };
		0BD29A0B22E2C86F00ECC8D6 /* MyInst.app */ = {isa = PBXFileReference; explicitFileType = wrapper.application; includeInIndex = 0; path = MyInst.app; sourceTree = BUILT_PRODUCTS_DIR; };
		0BD29A0E22E2C86F00ECC8D6 /* AppDelegate.swift */ = {isa = PBXFileReference; lastKnownFileType = sourcecode.swift; path = AppDelegate.swift; sourceTree = "<group>"; };
		0BD29A1522E2C87000ECC8D6 /* Assets.xcassets */ = {isa = PBXFileReference; lastKnownFileType = folder.assetcatalog; path = Assets.xcassets; sourceTree = "<group>"; };
		0BD29A1822E2C87000ECC8D6 /* Base */ = {isa = PBXFileReference; lastKnownFileType = file.storyboard; name = Base; path = Base.lproj/LaunchScreen.storyboard; sourceTree = "<group>"; };
		0BD29A1A22E2C87000ECC8D6 /* Info.plist */ = {isa = PBXFileReference; lastKnownFileType = text.plist.xml; path = Info.plist; sourceTree = "<group>"; };
		0BD29A2022E2C8C400ECC8D6 /* GoogleService-Info.plist */ = {isa = PBXFileReference; fileEncoding = 4; lastKnownFileType = text.plist.xml; path = "GoogleService-Info.plist"; sourceTree = "<group>"; };
		0BD7235622E897F100ACAE01 /* PostCollectionViewCell.swift */ = {isa = PBXFileReference; lastKnownFileType = sourcecode.swift; path = PostCollectionViewCell.swift; sourceTree = "<group>"; };
		0BD79C4622EC4FED0094B708 /* OtherUserViewController.swift */ = {isa = PBXFileReference; lastKnownFileType = sourcecode.swift; path = OtherUserViewController.swift; sourceTree = "<group>"; };
		0BE7FCF622EFE77F00A686E7 /* BoxMessage.swift */ = {isa = PBXFileReference; lastKnownFileType = sourcecode.swift; path = BoxMessage.swift; sourceTree = "<group>"; };
		0BE7FCF822EFF4A300A686E7 /* UserBox.swift */ = {isa = PBXFileReference; lastKnownFileType = sourcecode.swift; path = UserBox.swift; sourceTree = "<group>"; };
		3443215A4E2C5E06C6DC2E19 /* Pods-MyInst.release.xcconfig */ = {isa = PBXFileReference; includeInIndex = 1; lastKnownFileType = text.xcconfig; name = "Pods-MyInst.release.xcconfig"; path = "Target Support Files/Pods-MyInst/Pods-MyInst.release.xcconfig"; sourceTree = "<group>"; };
		A00852879D12122DC516A938 /* Pods-MyInst.debug.xcconfig */ = {isa = PBXFileReference; includeInIndex = 1; lastKnownFileType = text.xcconfig; name = "Pods-MyInst.debug.xcconfig"; path = "Target Support Files/Pods-MyInst/Pods-MyInst.debug.xcconfig"; sourceTree = "<group>"; };
		E62EDB6BE959DD31AA7ADBC1 /* Pods_MyInst.framework */ = {isa = PBXFileReference; explicitFileType = wrapper.framework; includeInIndex = 0; path = Pods_MyInst.framework; sourceTree = BUILT_PRODUCTS_DIR; };
/* End PBXFileReference section */

/* Begin PBXFrameworksBuildPhase section */
		0BD29A0822E2C86F00ECC8D6 /* Frameworks */ = {
			isa = PBXFrameworksBuildPhase;
			buildActionMask = 2147483647;
			files = (
				7E0F7EF8A8A468B4F927EBA5 /* Pods_MyInst.framework in Frameworks */,
			);
			runOnlyForDeploymentPostprocessing = 0;
		};
/* End PBXFrameworksBuildPhase section */

/* Begin PBXGroup section */
		0B1A603422ED4594001D6F34 /* Message View */ = {
			isa = PBXGroup;
			children = (
				0B1A603922ED4C20001D6F34 /* MessengerInfoView */,
				0B7D0D4322EF496F00E88B89 /* RecievedMessageViewCell.swift */,
				0B1A603A22ED4C5D001D6F34 /* MessageViewController.swift */,
				0B7D0D4522EF4A6F00E88B89 /* SenderMessageViewCell.swift */,
			);
			path = "Message View";
			sourceTree = "<group>";
		};
		0B1A603922ED4C20001D6F34 /* MessengerInfoView */ = {
			isa = PBXGroup;
			children = (
				0B1A603522ED46D7001D6F34 /* MessengerInfoView.swift */,
				0B1A603722ED46FB001D6F34 /* MessengerInfoView.xib */,
			);
			path = MessengerInfoView;
			sourceTree = "<group>";
		};
		0B2317BF22EAAD2F0077C217 /* Edit Profile View */ = {
			isa = PBXGroup;
			children = (
				0B2317C022EAAD4D0077C217 /* EditProfileViewController.swift */,
				0B2317C222EAB5DA0077C217 /* ProfileTableViewController.swift */,
			);
			path = "Edit Profile View";
			sourceTree = "<group>";
		};
		0B2861D522E60A86000E9A18 /* MISC */ = {
			isa = PBXGroup;
			children = (
				0B2861D622E60A9F000E9A18 /* CacheUser.swift */,
				0B2861DD22E69853000E9A18 /* Utilites.swift */,
			);
			path = MISC;
			sourceTree = "<group>";
		};
		0B2861DA22E612F8000E9A18 /* Comment View */ = {
			isa = PBXGroup;
			children = (
				0B2861D822E60F5B000E9A18 /* CommentViewController.swift */,
				0B2861DB22E61329000E9A18 /* CommentCell.swift */,
			);
			path = "Comment View";
			sourceTree = "<group>";
		};
		0B4CD9CE22E3067F008F18F4 /* Feed View */ = {
			isa = PBXGroup;
			children = (
				0B6C8FBD22E2CDD80051B366 /* FeedsViewController.swift */,
				0B4CD9CF22E306A9008F18F4 /* PostViewCell.swift */,
			);
			path = "Feed View";
			sourceTree = "<group>";
		};
		0B6C8FB022E2CDD60051B366 /* Model */ = {
			isa = PBXGroup;
			children = (
				0B6C8FB122E2CDD60051B366 /* Post.swift */,
				0B4CD9D122E31626008F18F4 /* User.swift */,
				0B2861D322E60447000E9A18 /* Comment.swift */,
				0B7D0D4722EF4BD000E88B89 /* Message.swift */,
				0BE7FCF622EFE77F00A686E7 /* BoxMessage.swift */,
				0BE7FCF822EFF4A300A686E7 /* UserBox.swift */,
			);
			path = Model;
			sourceTree = "<group>";
		};
		0B6C8FB222E2CDD70051B366 /* View */ = {
			isa = PBXGroup;
			children = (
				0B6C8FB322E2CDD70051B366 /* Main.storyboard */,
			);
			path = View;
			sourceTree = "<group>";
		};
		0B6C8FB522E2CDD80051B366 /* Controller */ = {
			isa = PBXGroup;
			children = (
				0B1A603422ED4594001D6F34 /* Message View */,
				0B2317BF22EAAD2F0077C217 /* Edit Profile View */,
				0B81824322E80AA400BEBB63 /* UserInfo View */,
				0B6C8FB922E2CDD80051B366 /* Login View */,
				0B2861DA22E612F8000E9A18 /* Comment View */,
				0B4CD9CE22E3067F008F18F4 /* Feed View */,
				0B6C8FB622E2CDD80051B366 /* ViewController.swift */,
				0B6C8FB722E2CDD80051B366 /* UploadPhotoViewController.swift */,
				0B6C8FB822E2CDD80051B366 /* ChoosePhotoViewController.swift */,
			);
			path = Controller;
			sourceTree = "<group>";
		};
		0B6C8FB922E2CDD80051B366 /* Login View */ = {
			isa = PBXGroup;
			children = (
				0B6C8FBA22E2CDD80051B366 /* SlideImageCell.swift */,
				0B6C8FBB22E2CDD80051B366 /* LoginViewController.swift */,
			);
			path = "Login View";
			sourceTree = "<group>";
		};
		0B81824322E80AA400BEBB63 /* UserInfo View */ = {
			isa = PBXGroup;
			children = (
				0B81824422E80AC000BEBB63 /* InfoPanel VIew */,
				0B6C8FBC22E2CDD80051B366 /* UserViewController.swift */,
				0BD7235622E897F100ACAE01 /* PostCollectionViewCell.swift */,
				0BD79C4622EC4FED0094B708 /* OtherUserViewController.swift */,
			);
			path = "UserInfo View";
			sourceTree = "<group>";
		};
		0B81824422E80AC000BEBB63 /* InfoPanel VIew */ = {
			isa = PBXGroup;
			children = (
				0B81824522E80AF400BEBB63 /* InfoPanelView.xib */,
				0B81824722E80B0E00BEBB63 /* InfoPanelView.swift */,
			);
			path = "InfoPanel VIew";
			sourceTree = "<group>";
		};
		0BD29A0222E2C86F00ECC8D6 = {
			isa = PBXGroup;
			children = (
				0BD29A0D22E2C86F00ECC8D6 /* MyInst */,
				0BD29A0C22E2C86F00ECC8D6 /* Products */,
				B3C7FB735A6A103129D23EF0 /* Pods */,
				ED9A6FE0D4EBDC6809E57B2F /* Frameworks */,
			);
			sourceTree = "<group>";
		};
		0BD29A0C22E2C86F00ECC8D6 /* Products */ = {
			isa = PBXGroup;
			children = (
				0BD29A0B22E2C86F00ECC8D6 /* MyInst.app */,
			);
			name = Products;
			sourceTree = "<group>";
		};
		0BD29A0D22E2C86F00ECC8D6 /* MyInst */ = {
			isa = PBXGroup;
			children = (
				0B2861D522E60A86000E9A18 /* MISC */,
				0B6C8FB522E2CDD80051B366 /* Controller */,
				0B6C8FB022E2CDD60051B366 /* Model */,
				0B6C8FB222E2CDD70051B366 /* View */,
				0BD29A0E22E2C86F00ECC8D6 /* AppDelegate.swift */,
				0BD29A1522E2C87000ECC8D6 /* Assets.xcassets */,
				0BD29A1722E2C87000ECC8D6 /* LaunchScreen.storyboard */,
				0BD29A1A22E2C87000ECC8D6 /* Info.plist */,
				0BD29A2022E2C8C400ECC8D6 /* GoogleService-Info.plist */,
			);
			path = MyInst;
			sourceTree = "<group>";
		};
		B3C7FB735A6A103129D23EF0 /* Pods */ = {
			isa = PBXGroup;
			children = (
				A00852879D12122DC516A938 /* Pods-MyInst.debug.xcconfig */,
				3443215A4E2C5E06C6DC2E19 /* Pods-MyInst.release.xcconfig */,
			);
			path = Pods;
			sourceTree = "<group>";
		};
		ED9A6FE0D4EBDC6809E57B2F /* Frameworks */ = {
			isa = PBXGroup;
			children = (
				E62EDB6BE959DD31AA7ADBC1 /* Pods_MyInst.framework */,
			);
			name = Frameworks;
			sourceTree = "<group>";
		};
/* End PBXGroup section */

/* Begin PBXNativeTarget section */
		0BD29A0A22E2C86F00ECC8D6 /* MyInst */ = {
			isa = PBXNativeTarget;
			buildConfigurationList = 0BD29A1D22E2C87000ECC8D6 /* Build configuration list for PBXNativeTarget "MyInst" */;
			buildPhases = (
				1AF1EE494A34EC0B2A1D8AD2 /* [CP] Check Pods Manifest.lock */,
				0BD29A0722E2C86F00ECC8D6 /* Sources */,
				0BD29A0822E2C86F00ECC8D6 /* Frameworks */,
				0BD29A0922E2C86F00ECC8D6 /* Resources */,
				E2B301EB74679DB236E456C0 /* [CP] Embed Pods Frameworks */,
			);
			buildRules = (
			);
			dependencies = (
			);
			name = MyInst;
			productName = MyInst;
			productReference = 0BD29A0B22E2C86F00ECC8D6 /* MyInst.app */;
			productType = "com.apple.product-type.application";
		};
/* End PBXNativeTarget section */

/* Begin PBXProject section */
		0BD29A0322E2C86F00ECC8D6 /* Project object */ = {
			isa = PBXProject;
			attributes = {
				LastSwiftUpdateCheck = 1020;
				LastUpgradeCheck = 1020;
				ORGANIZATIONNAME = hoatruong;
				TargetAttributes = {
					0BD29A0A22E2C86F00ECC8D6 = {
						CreatedOnToolsVersion = 10.2.1;
					};
				};
			};
			buildConfigurationList = 0BD29A0622E2C86F00ECC8D6 /* Build configuration list for PBXProject "MyInst" */;
			compatibilityVersion = "Xcode 9.3";
			developmentRegion = en;
			hasScannedForEncodings = 0;
			knownRegions = (
				en,
				Base,
			);
			mainGroup = 0BD29A0222E2C86F00ECC8D6;
			productRefGroup = 0BD29A0C22E2C86F00ECC8D6 /* Products */;
			projectDirPath = "";
			projectRoot = "";
			targets = (
				0BD29A0A22E2C86F00ECC8D6 /* MyInst */,
			);
		};
/* End PBXProject section */

/* Begin PBXResourcesBuildPhase section */
		0BD29A0922E2C86F00ECC8D6 /* Resources */ = {
			isa = PBXResourcesBuildPhase;
			buildActionMask = 2147483647;
			files = (
				0BD29A1922E2C87000ECC8D6 /* LaunchScreen.storyboard in Resources */,
				0BD29A2122E2C8C400ECC8D6 /* GoogleService-Info.plist in Resources */,
				0B1A603822ED46FB001D6F34 /* MessengerInfoView.xib in Resources */,
				0B81824622E80AF400BEBB63 /* InfoPanelView.xib in Resources */,
				0BD29A1622E2C87000ECC8D6 /* Assets.xcassets in Resources */,
				0B6C8FBF22E2CDD80051B366 /* Main.storyboard in Resources */,
			);
			runOnlyForDeploymentPostprocessing = 0;
		};
/* End PBXResourcesBuildPhase section */

/* Begin PBXShellScriptBuildPhase section */
		1AF1EE494A34EC0B2A1D8AD2 /* [CP] Check Pods Manifest.lock */ = {
			isa = PBXShellScriptBuildPhase;
			buildActionMask = 2147483647;
			files = (
			);
			inputFileListPaths = (
			);
			inputPaths = (
				"${PODS_PODFILE_DIR_PATH}/Podfile.lock",
				"${PODS_ROOT}/Manifest.lock",
			);
			name = "[CP] Check Pods Manifest.lock";
			outputFileListPaths = (
			);
			outputPaths = (
				"$(DERIVED_FILE_DIR)/Pods-MyInst-checkManifestLockResult.txt",
			);
			runOnlyForDeploymentPostprocessing = 0;
			shellPath = /bin/sh;
			shellScript = "diff \"${PODS_PODFILE_DIR_PATH}/Podfile.lock\" \"${PODS_ROOT}/Manifest.lock\" > /dev/null\nif [ $? != 0 ] ; then\n    # print error to STDERR\n    echo \"error: The sandbox is not in sync with the Podfile.lock. Run 'pod install' or update your CocoaPods installation.\" >&2\n    exit 1\nfi\n# This output is used by Xcode 'outputs' to avoid re-running this script phase.\necho \"SUCCESS\" > \"${SCRIPT_OUTPUT_FILE_0}\"\n";
			showEnvVarsInLog = 0;
		};
		E2B301EB74679DB236E456C0 /* [CP] Embed Pods Frameworks */ = {
			isa = PBXShellScriptBuildPhase;
			buildActionMask = 2147483647;
			files = (
			);
			inputFileListPaths = (
				"${PODS_ROOT}/Target Support Files/Pods-MyInst/Pods-MyInst-frameworks-${CONFIGURATION}-input-files.xcfilelist",
			);
			name = "[CP] Embed Pods Frameworks";
			outputFileListPaths = (
				"${PODS_ROOT}/Target Support Files/Pods-MyInst/Pods-MyInst-frameworks-${CONFIGURATION}-output-files.xcfilelist",
			);
			runOnlyForDeploymentPostprocessing = 0;
			shellPath = /bin/sh;
			shellScript = "\"${PODS_ROOT}/Target Support Files/Pods-MyInst/Pods-MyInst-frameworks.sh\"\n";
			showEnvVarsInLog = 0;
		};
/* End PBXShellScriptBuildPhase section */

/* Begin PBXSourcesBuildPhase section */
		0BD29A0722E2C86F00ECC8D6 /* Sources */ = {
			isa = PBXSourcesBuildPhase;
			buildActionMask = 2147483647;
			files = (
				0B2861D922E60F5B000E9A18 /* CommentViewController.swift in Sources */,
				0BD79C4722EC4FED0094B708 /* OtherUserViewController.swift in Sources */,
				0B7D0D4622EF4A6F00E88B89 /* SenderMessageViewCell.swift in Sources */,
				0B6C8FC422E2CDD80051B366 /* LoginViewController.swift in Sources */,
				0BE7FCF922EFF4A300A686E7 /* UserBox.swift in Sources */,
				0B2861D722E60A9F000E9A18 /* CacheUser.swift in Sources */,
				0B6C8FC522E2CDD80051B366 /* UserViewController.swift in Sources */,
				0B6C8FC222E2CDD80051B366 /* ChoosePhotoViewController.swift in Sources */,
				0B2861DC22E61329000E9A18 /* CommentCell.swift in Sources */,
				0B1A603622ED46D7001D6F34 /* MessengerInfoView.swift in Sources */,
				0B7D0D4822EF4BD000E88B89 /* Message.swift in Sources */,
				0B2317C322EAB5DA0077C217 /* ProfileTableViewController.swift in Sources */,
				0B6C8FC122E2CDD80051B366 /* UploadPhotoViewController.swift in Sources */,
				0B2317C122EAAD4D0077C217 /* EditProfileViewController.swift in Sources */,
				0B4CD9D022E306A9008F18F4 /* PostViewCell.swift in Sources */,
				0BD7235722E897F100ACAE01 /* PostCollectionViewCell.swift in Sources */,
				0B6C8FC022E2CDD80051B366 /* ViewController.swift in Sources */,
				0BD29A0F22E2C86F00ECC8D6 /* AppDelegate.swift in Sources */,
				0B2861D422E60447000E9A18 /* Comment.swift in Sources */,
				0B1A603B22ED4C5D001D6F34 /* MessageViewController.swift in Sources */,
				0B81824822E80B0E00BEBB63 /* InfoPanelView.swift in Sources */,
				0BE7FCF722EFE77F00A686E7 /* BoxMessage.swift in Sources */,
				0B6C8FC622E2CDD80051B366 /* FeedsViewController.swift in Sources */,
				0B2861DE22E69853000E9A18 /* Utilites.swift in Sources */,
				0B6C8FBE22E2CDD80051B366 /* Post.swift in Sources */,
				0B6C8FC322E2CDD80051B366 /* SlideImageCell.swift in Sources */,
				0B4CD9D222E31626008F18F4 /* User.swift in Sources */,
				0B7D0D4422EF496F00E88B89 /* RecievedMessageViewCell.swift in Sources */,
			);
			runOnlyForDeploymentPostprocessing = 0;
		};
/* End PBXSourcesBuildPhase section */

/* Begin PBXVariantGroup section */
		0B6C8FB322E2CDD70051B366 /* Main.storyboard */ = {
			isa = PBXVariantGroup;
			children = (
				0B6C8FB422E2CDD70051B366 /* Base */,
			);
			name = Main.storyboard;
			sourceTree = "<group>";
		};
		0BD29A1722E2C87000ECC8D6 /* LaunchScreen.storyboard */ = {
			isa = PBXVariantGroup;
			children = (
				0BD29A1822E2C87000ECC8D6 /* Base */,
			);
			name = LaunchScreen.storyboard;
			sourceTree = "<group>";
		};
/* End PBXVariantGroup section */

/* Begin XCBuildConfiguration section */
		0BD29A1B22E2C87000ECC8D6 /* Debug */ = {
			isa = XCBuildConfiguration;
			buildSettings = {
				ALWAYS_SEARCH_USER_PATHS = NO;
				CLANG_ANALYZER_NONNULL = YES;
				CLANG_ANALYZER_NUMBER_OBJECT_CONVERSION = YES_AGGRESSIVE;
				CLANG_CXX_LANGUAGE_STANDARD = "gnu++14";
				CLANG_CXX_LIBRARY = "libc++";
				CLANG_ENABLE_MODULES = YES;
				CLANG_ENABLE_OBJC_ARC = YES;
				CLANG_ENABLE_OBJC_WEAK = YES;
				CLANG_WARN_BLOCK_CAPTURE_AUTORELEASING = YES;
				CLANG_WARN_BOOL_CONVERSION = YES;
				CLANG_WARN_COMMA = YES;
				CLANG_WARN_CONSTANT_CONVERSION = YES;
				CLANG_WARN_DEPRECATED_OBJC_IMPLEMENTATIONS = YES;
				CLANG_WARN_DIRECT_OBJC_ISA_USAGE = YES_ERROR;
				CLANG_WARN_DOCUMENTATION_COMMENTS = YES;
				CLANG_WARN_EMPTY_BODY = YES;
				CLANG_WARN_ENUM_CONVERSION = YES;
				CLANG_WARN_INFINITE_RECURSION = YES;
				CLANG_WARN_INT_CONVERSION = YES;
				CLANG_WARN_NON_LITERAL_NULL_CONVERSION = YES;
				CLANG_WARN_OBJC_IMPLICIT_RETAIN_SELF = YES;
				CLANG_WARN_OBJC_LITERAL_CONVERSION = YES;
				CLANG_WARN_OBJC_ROOT_CLASS = YES_ERROR;
				CLANG_WARN_RANGE_LOOP_ANALYSIS = YES;
				CLANG_WARN_STRICT_PROTOTYPES = YES;
				CLANG_WARN_SUSPICIOUS_MOVE = YES;
				CLANG_WARN_UNGUARDED_AVAILABILITY = YES_AGGRESSIVE;
				CLANG_WARN_UNREACHABLE_CODE = YES;
				CLANG_WARN__DUPLICATE_METHOD_MATCH = YES;
				CODE_SIGN_IDENTITY = "iPhone Developer";
				COPY_PHASE_STRIP = NO;
				DEBUG_INFORMATION_FORMAT = dwarf;
				ENABLE_STRICT_OBJC_MSGSEND = YES;
				ENABLE_TESTABILITY = YES;
				GCC_C_LANGUAGE_STANDARD = gnu11;
				GCC_DYNAMIC_NO_PIC = NO;
				GCC_NO_COMMON_BLOCKS = YES;
				GCC_OPTIMIZATION_LEVEL = 0;
				GCC_PREPROCESSOR_DEFINITIONS = (
					"DEBUG=1",
					"$(inherited)",
				);
				GCC_WARN_64_TO_32_BIT_CONVERSION = YES;
				GCC_WARN_ABOUT_RETURN_TYPE = YES_ERROR;
				GCC_WARN_UNDECLARED_SELECTOR = YES;
				GCC_WARN_UNINITIALIZED_AUTOS = YES_AGGRESSIVE;
				GCC_WARN_UNUSED_FUNCTION = YES;
				GCC_WARN_UNUSED_VARIABLE = YES;
				IPHONEOS_DEPLOYMENT_TARGET = 12.2;
				MTL_ENABLE_DEBUG_INFO = INCLUDE_SOURCE;
				MTL_FAST_MATH = YES;
				ONLY_ACTIVE_ARCH = YES;
				SDKROOT = iphoneos;
				SWIFT_ACTIVE_COMPILATION_CONDITIONS = DEBUG;
				SWIFT_OPTIMIZATION_LEVEL = "-Onone";
			};
			name = Debug;
		};
		0BD29A1C22E2C87000ECC8D6 /* Release */ = {
			isa = XCBuildConfiguration;
			buildSettings = {
				ALWAYS_SEARCH_USER_PATHS = NO;
				CLANG_ANALYZER_NONNULL = YES;
				CLANG_ANALYZER_NUMBER_OBJECT_CONVERSION = YES_AGGRESSIVE;
				CLANG_CXX_LANGUAGE_STANDARD = "gnu++14";
				CLANG_CXX_LIBRARY = "libc++";
				CLANG_ENABLE_MODULES = YES;
				CLANG_ENABLE_OBJC_ARC = YES;
				CLANG_ENABLE_OBJC_WEAK = YES;
				CLANG_WARN_BLOCK_CAPTURE_AUTORELEASING = YES;
				CLANG_WARN_BOOL_CONVERSION = YES;
				CLANG_WARN_COMMA = YES;
				CLANG_WARN_CONSTANT_CONVERSION = YES;
				CLANG_WARN_DEPRECATED_OBJC_IMPLEMENTATIONS = YES;
				CLANG_WARN_DIRECT_OBJC_ISA_USAGE = YES_ERROR;
				CLANG_WARN_DOCUMENTATION_COMMENTS = YES;
				CLANG_WARN_EMPTY_BODY = YES;
				CLANG_WARN_ENUM_CONVERSION = YES;
				CLANG_WARN_INFINITE_RECURSION = YES;
				CLANG_WARN_INT_CONVERSION = YES;
				CLANG_WARN_NON_LITERAL_NULL_CONVERSION = YES;
				CLANG_WARN_OBJC_IMPLICIT_RETAIN_SELF = YES;
				CLANG_WARN_OBJC_LITERAL_CONVERSION = YES;
				CLANG_WARN_OBJC_ROOT_CLASS = YES_ERROR;
				CLANG_WARN_RANGE_LOOP_ANALYSIS = YES;
				CLANG_WARN_STRICT_PROTOTYPES = YES;
				CLANG_WARN_SUSPICIOUS_MOVE = YES;
				CLANG_WARN_UNGUARDED_AVAILABILITY = YES_AGGRESSIVE;
				CLANG_WARN_UNREACHABLE_CODE = YES;
				CLANG_WARN__DUPLICATE_METHOD_MATCH = YES;
				CODE_SIGN_IDENTITY = "iPhone Developer";
				COPY_PHASE_STRIP = NO;
				DEBUG_INFORMATION_FORMAT = "dwarf-with-dsym";
				ENABLE_NS_ASSERTIONS = NO;
				ENABLE_STRICT_OBJC_MSGSEND = YES;
				GCC_C_LANGUAGE_STANDARD = gnu11;
				GCC_NO_COMMON_BLOCKS = YES;
				GCC_WARN_64_TO_32_BIT_CONVERSION = YES;
				GCC_WARN_ABOUT_RETURN_TYPE = YES_ERROR;
				GCC_WARN_UNDECLARED_SELECTOR = YES;
				GCC_WARN_UNINITIALIZED_AUTOS = YES_AGGRESSIVE;
				GCC_WARN_UNUSED_FUNCTION = YES;
				GCC_WARN_UNUSED_VARIABLE = YES;
				IPHONEOS_DEPLOYMENT_TARGET = 12.2;
				MTL_ENABLE_DEBUG_INFO = NO;
				MTL_FAST_MATH = YES;
				SDKROOT = iphoneos;
				SWIFT_COMPILATION_MODE = wholemodule;
				SWIFT_OPTIMIZATION_LEVEL = "-O";
				VALIDATE_PRODUCT = YES;
			};
			name = Release;
		};
		0BD29A1E22E2C87000ECC8D6 /* Debug */ = {
			isa = XCBuildConfiguration;
			baseConfigurationReference = A00852879D12122DC516A938 /* Pods-MyInst.debug.xcconfig */;
			buildSettings = {
				ASSETCATALOG_COMPILER_APPICON_NAME = AppIcon;
				CODE_SIGN_STYLE = Automatic;
				DEVELOPMENT_TEAM = 6455YSDFX9;
				INFOPLIST_FILE = MyInst/Info.plist;
				LD_RUNPATH_SEARCH_PATHS = (
					"$(inherited)",
					"@executable_path/Frameworks",
				);
				PRODUCT_BUNDLE_IDENTIFIER = com.hoatruongdev09.MyInst;
				PRODUCT_NAME = "$(TARGET_NAME)";
				SWIFT_VERSION = 5.0;
				TARGETED_DEVICE_FAMILY = "1,2";
			};
			name = Debug;
		};
		0BD29A1F22E2C87000ECC8D6 /* Release */ = {
			isa = XCBuildConfiguration;
			baseConfigurationReference = 3443215A4E2C5E06C6DC2E19 /* Pods-MyInst.release.xcconfig */;
			buildSettings = {
				ASSETCATALOG_COMPILER_APPICON_NAME = AppIcon;
				CODE_SIGN_STYLE = Automatic;
				DEVELOPMENT_TEAM = 6455YSDFX9;
				INFOPLIST_FILE = MyInst/Info.plist;
				LD_RUNPATH_SEARCH_PATHS = (
					"$(inherited)",
					"@executable_path/Frameworks",
				);
				PRODUCT_BUNDLE_IDENTIFIER = com.hoatruongdev09.MyInst;
				PRODUCT_NAME = "$(TARGET_NAME)";
				SWIFT_VERSION = 5.0;
				TARGETED_DEVICE_FAMILY = "1,2";
			};
			name = Release;
		};
/* End XCBuildConfiguration section */

/* Begin XCConfigurationList section */
		0BD29A0622E2C86F00ECC8D6 /* Build configuration list for PBXProject "MyInst" */ = {
			isa = XCConfigurationList;
			buildConfigurations = (
				0BD29A1B22E2C87000ECC8D6 /* Debug */,
				0BD29A1C22E2C87000ECC8D6 /* Release */,
			);
			defaultConfigurationIsVisible = 0;
			defaultConfigurationName = Release;
		};
		0BD29A1D22E2C87000ECC8D6 /* Build configuration list for PBXNativeTarget "MyInst" */ = {
			isa = XCConfigurationList;
			buildConfigurations = (
				0BD29A1E22E2C87000ECC8D6 /* Debug */,
				0BD29A1F22E2C87000ECC8D6 /* Release */,
			);
			defaultConfigurationIsVisible = 0;
			defaultConfigurationName = Release;
		};
/* End XCConfigurationList section */
	};
	rootObject = 0BD29A0322E2C86F00ECC8D6 /* Project object */;
}
